
Microsoft Visual Studio Solution File, Format Version 12.00
# Visual Studio 15
VisualStudioVersion = 15.0.28307.271
MinimumVisualStudioVersion = 10.0.40219.1
Project("{FAE04EC0-301F-11D3-BF4B-00C04F79EFBC}") = "LoLStatsForm", "LoLStatsForm\LoLStatsForm.csproj", "{DD6E1DCA-CDB4-485C-B5C6-DB109166AC36}"
EndProject
Global
	GlobalSection(SolutionConfigurationPlatforms) = preSolution
		Debug|Any CPU = Debug|Any CPU
		Release|Any CPU = Release|Any CPU
	EndGlobalSection
	GlobalSection(ProjectConfigurationPlatforms) = postSolution
		{DD6E1DCA-CDB4-485C-B5C6-DB109166AC36}.Debug|Any CPU.ActiveCfg = Debug|Any CPU
		{DD6E1DCA-CDB4-485C-B5C6-DB109166AC36}.Debug|Any CPU.Build.0 = Debug|Any CPU
		{DD6E1DCA-CDB4-485C-B5C6-DB109166AC36}.Release|Any CPU.ActiveCfg = Release|Any CPU
		{DD6E1DCA-CDB4-485C-B5C6-DB109166AC36}.Release|Any CPU.Build.0 = Release|Any CPU
	EndGlobalSection
	GlobalSection(SolutionProperties) = preSolution
		HideSolutionNode = FALSE
	EndGlobalSection
	GlobalSection(ExtensibilityGlobals) = postSolution
		SolutionGuid = {AB0A9F51-5FBE-4EEC-97ED-EA18EF56CC13}
	EndGlobalSection
EndGlobal
